
Microsoft Visual Studio Solution File, Format Version 12.00
# Visual Studio Version 16
VisualStudioVersion = 16.0.31911.196
MinimumVisualStudioVersion = 10.0.40219.1
Project("{FAE04EC0-301F-11D3-BF4B-00C04F79EFBC}") = "CA230914_01", "CA230914_01.csproj", "{CC7939E4-58D3-46CC-B14D-9A3E2F204FC5}"
EndProject
Global
	GlobalSection(SolutionConfigurationPlatforms) = preSolution
		Debug|Any CPU = Debug|Any CPU
		Release|Any CPU = Release|Any CPU
	EndGlobalSection
	GlobalSection(ProjectConfigurationPlatforms) = postSolution
		{CC7939E4-58D3-46CC-B14D-9A3E2F204FC5}.Debug|Any CPU.ActiveCfg = Debug|Any CPU
		{CC7939E4-58D3-46CC-B14D-9A3E2F204FC5}.Debug|Any CPU.Build.0 = Debug|Any CPU
		{CC7939E4-58D3-46CC-B14D-9A3E2F204FC5}.Release|Any CPU.ActiveCfg = Release|Any CPU
		{CC7939E4-58D3-46CC-B14D-9A3E2F204FC5}.Release|Any CPU.Build.0 = Release|Any CPU
	EndGlobalSection
	GlobalSection(SolutionProperties) = preSolution
		HideSolutionNode = FALSE
	EndGlobalSection
	GlobalSection(ExtensibilityGlobals) = postSolution
		SolutionGuid = {11E04C67-98A9-43D4-AA11-5902FE713AEC}
	EndGlobalSection
EndGlobal
